# Generated by buf. DO NOT EDIT.
version: v2
deps:
  - name: buf.build/bufbuild/protovalidate
    commit: c6451e2c05a64a659a0835011a72516c
    digest: b5:826b8be86c1bc691afb751fb33c513cb90a9b9d03699b366a7812737e72fe06132d13ca4b2f5fdb9c5784594b0f65b20b850003349a556e8f020b84ce6787bd1
  - name: buf.build/bufbuild/protovalidate-testing
    commit: 33dd956ff33d4a4085b2fa05cd7a14b8
    digest: b5:d142307939a7b8486fe7698e7d244c7e9c4a9c7ef812c97b46e8a7cc362f9c666f94f84dd66ad72fdb272ec23ed0cc415deed365318efdc9b24b92ef4e9ec415
